// !$*UTF8*$!
{
	archiveVersion = 1;
	classes = {
	};
	objectVersion = 50;
	objects = {

/* Begin PBXBuildFile section */
		CE1B838E228D1D5C00F977FC /* EditQuoteViewController.swift in Sources */ = {isa = PBXBuildFile; fileRef = CE1B838D228D1D5C00F977FC /* EditQuoteViewController.swift */; };
		CEA31839228CED3400C4334F /* AppDelegate.swift in Sources */ = {isa = PBXBuildFile; fileRef = CEA31838228CED3400C4334F /* AppDelegate.swift */; };
		CEA3183E228CED3400C4334F /* Main.storyboard in Resources */ = {isa = PBXBuildFile; fileRef = CEA3183C228CED3400C4334F /* Main.storyboard */; };
		CEA31840228CED3A00C4334F /* Assets.xcassets in Resources */ = {isa = PBXBuildFile; fileRef = CEA3183F228CED3A00C4334F /* Assets.xcassets */; };
		CEA31843228CED3A00C4334F /* LaunchScreen.storyboard in Resources */ = {isa = PBXBuildFile; fileRef = CEA31841228CED3A00C4334F /* LaunchScreen.storyboard */; };
		CEA3184F228CF43200C4334F /* QuoteModel.swift in Sources */ = {isa = PBXBuildFile; fileRef = CEA3184E228CF43200C4334F /* QuoteModel.swift */; };
		CEA31851228CF47C00C4334F /* ModelController.swift in Sources */ = {isa = PBXBuildFile; fileRef = CEA31850228CF47C00C4334F /* ModelController.swift */; };
		CEA31853228CF96900C4334F /* QuoteViewController.swift in Sources */ = {isa = PBXBuildFile; fileRef = CEA31852228CF96900C4334F /* QuoteViewController.swift */; };
/* End PBXBuildFile section */

/* Begin PBXFileReference section */
		CE1B838D228D1D5C00F977FC /* EditQuoteViewController.swift */ = {isa = PBXFileReference; lastKnownFileType = sourcecode.swift; path = EditQuoteViewController.swift; sourceTree = "<group>"; };
		CEA31835228CED3400C4334F /* First MVC application.app */ = {isa = PBXFileReference; explicitFileType = wrapper.application; includeInIndex = 0; path = "First MVC application.app"; sourceTree = BUILT_PRODUCTS_DIR; };
		CEA31838228CED3400C4334F /* AppDelegate.swift */ = {isa = PBXFileReference; lastKnownFileType = sourcecode.swift; path = AppDelegate.swift; sourceTree = "<group>"; };
		CEA3183D228CED3400C4334F /* Base */ = {isa = PBXFileReference; lastKnownFileType = file.storyboard; name = Base; path = Base.lproj/Main.storyboard; sourceTree = "<group>"; };
		CEA3183F228CED3A00C4334F /* Assets.xcassets */ = {isa = PBXFileReference; lastKnownFileType = folder.assetcatalog; path = Assets.xcassets; sourceTree = "<group>"; };
		CEA31842228CED3A00C4334F /* Base */ = {isa = PBXFileReference; lastKnownFileType = file.storyboard; name = Base; path = Base.lproj/LaunchScreen.storyboard; sourceTree = "<group>"; };
		CEA31844228CED3A00C4334F /* Info.plist */ = {isa = PBXFileReference; lastKnownFileType = text.plist.xml; path = Info.plist; sourceTree = "<group>"; };
		CEA3184E228CF43200C4334F /* QuoteModel.swift */ = {isa = PBXFileReference; lastKnownFileType = sourcecode.swift; path = QuoteModel.swift; sourceTree = "<group>"; };
		CEA31850228CF47C00C4334F /* ModelController.swift */ = {isa = PBXFileReference; lastKnownFileType = sourcecode.swift; path = ModelController.swift; sourceTree = "<group>"; };
		CEA31852228CF96900C4334F /* QuoteViewController.swift */ = {isa = PBXFileReference; lastKnownFileType = sourcecode.swift; path = QuoteViewController.swift; sourceTree = "<group>"; };
/* End PBXFileReference section */

/* Begin PBXFrameworksBuildPhase section */
		CEA31832228CED3400C4334F /* Frameworks */ = {
			isa = PBXFrameworksBuildPhase;
			buildActionMask = 2147483647;
			files = (
			);
			runOnlyForDeploymentPostprocessing = 0;
		};
/* End PBXFrameworksBuildPhase section */

/* Begin PBXGroup section */
		CEA3182C228CED3400C4334F = {
			isa = PBXGroup;
			children = (
				CEA31837228CED3400C4334F /* First MVC application */,
				CEA31836228CED3400C4334F /* Products */,
			);
			sourceTree = "<group>";
		};
		CEA31836228CED3400C4334F /* Products */ = {
			isa = PBXGroup;
			children = (
				CEA31835228CED3400C4334F /* First MVC application.app */,
			);
			name = Products;
			sourceTree = "<group>";
		};
		CEA31837228CED3400C4334F /* First MVC application */ = {
			isa = PBXGroup;
			children = (
				CEA3184A228CEDFD00C4334F /* Main */,
				CEA3184E228CF43200C4334F /* QuoteModel.swift */,
				CEA31850228CF47C00C4334F /* ModelController.swift */,
				CEA31852228CF96900C4334F /* QuoteViewController.swift */,
				CE1B838D228D1D5C00F977FC /* EditQuoteViewController.swift */,
				CEA3183F228CED3A00C4334F /* Assets.xcassets */,
				CEA31844228CED3A00C4334F /* Info.plist */,
			);
			path = "First MVC application";
			sourceTree = "<group>";
		};
		CEA3184A228CEDFD00C4334F /* Main */ = {
			isa = PBXGroup;
			children = (
				CEA31841228CED3A00C4334F /* LaunchScreen.storyboard */,
				CEA3183C228CED3400C4334F /* Main.storyboard */,
				CEA31838228CED3400C4334F /* AppDelegate.swift */,
			);
			path = Main;
			sourceTree = "<group>";
		};
/* End PBXGroup section */

/* Begin PBXNativeTarget section */
		CEA31834228CED3400C4334F /* First MVC application */ = {
			isa = PBXNativeTarget;
			buildConfigurationList = CEA31847228CED3A00C4334F /* Build configuration list for PBXNativeTarget "First MVC application" */;
			buildPhases = (
				CEA31831228CED3400C4334F /* Sources */,
				CEA31832228CED3400C4334F /* Frameworks */,
				CEA31833228CED3400C4334F /* Resources */,
			);
			buildRules = (
			);
			dependencies = (
			);
			name = "First MVC application";
			productName = "First-MVC-application";
			productReference = CEA31835228CED3400C4334F /* First MVC application.app */;
			productType = "com.apple.product-type.application";
		};
/* End PBXNativeTarget section */

/* Begin PBXProject section */
		CEA3182D228CED3400C4334F /* Project object */ = {
			isa = PBXProject;
			attributes = {
				LastSwiftUpdateCheck = 1010;
				LastUpgradeCheck = 1010;
				ORGANIZATIONNAME = "Igor Shukyurov";
				TargetAttributes = {
					CEA31834228CED3400C4334F = {
						CreatedOnToolsVersion = 10.1;
					};
				};
			};
			buildConfigurationList = CEA31830228CED3400C4334F /* Build configuration list for PBXProject "First MVC application" */;
			compatibilityVersion = "Xcode 9.3";
			developmentRegion = en;
			hasScannedForEncodings = 0;
			knownRegions = (
				en,
				Base,
			);
			mainGroup = CEA3182C228CED3400C4334F;
			productRefGroup = CEA31836228CED3400C4334F /* Products */;
			projectDirPath = "";
			projectRoot = "";
			targets = (
				CEA31834228CED3400C4334F /* First MVC application */,
			);
		};
/* End PBXProject section */

/* Begin PBXResourcesBuildPhase section */
		CEA31833228CED3400C4334F /* Resources */ = {
			isa = PBXResourcesBuildPhase;
			buildActionMask = 2147483647;
			files = (
				CEA31843228CED3A00C4334F /* LaunchScreen.storyboard in Resources */,
				CEA31840228CED3A00C4334F /* Assets.xcassets in Resources */,
				CEA3183E228CED3400C4334F /* Main.storyboard in Resources */,
			);
			runOnlyForDeploymentPostprocessing = 0;
		};
/* End PBXResourcesBuildPhase section */

/* Begin PBXSourcesBuildPhase section */
		CEA31831228CED3400C4334F /* Sources */ = {
			isa = PBXSourcesBuildPhase;
			buildActionMask = 2147483647;
			files = (
				CEA3184F228CF43200C4334F /* QuoteModel.swift in Sources */,
				CE1B838E228D1D5C00F977FC /* EditQuoteViewController.swift in Sources */,
				CEA31853228CF96900C4334F /* QuoteViewController.swift in Sources */,
				CEA31851228CF47C00C4334F /* ModelController.swift in Sources */,
				CEA31839228CED3400C4334F /* AppDelegate.swift in Sources */,
			);
			runOnlyForDeploymentPostprocessing = 0;
		};
/* End PBXSourcesBuildPhase section */

/* Begin PBXVariantGroup section */
		CEA3183C228CED3400C4334F /* Main.storyboard */ = {
			isa = PBXVariantGroup;
			children = (
				CEA3183D228CED3400C4334F /* Base */,
			);
			name = Main.storyboard;
			sourceTree = "<group>";
		};
		CEA31841228CED3A00C4334F /* LaunchScreen.storyboard */ = {
			isa = PBXVariantGroup;
			children = (
				CEA31842228CED3A00C4334F /* Base */,
			);
			name = LaunchScreen.storyboard;
			sourceTree = "<group>";
		};
/* End PBXVariantGroup section */

/* Begin XCBuildConfiguration section */
		CEA31845228CED3A00C4334F /* Debug */ = {
			isa = XCBuildConfiguration;
			buildSettings = {
				ALWAYS_SEARCH_USER_PATHS = NO;
				CLANG_ANALYZER_NONNULL = YES;
				CLANG_ANALYZER_NUMBER_OBJECT_CONVERSION = YES_AGGRESSIVE;
				CLANG_CXX_LANGUAGE_STANDARD = "gnu++14";
				CLANG_CXX_LIBRARY = "libc++";
				CLANG_ENABLE_MODULES = YES;
				CLANG_ENABLE_OBJC_ARC = YES;
				CLANG_ENABLE_OBJC_WEAK = YES;
				CLANG_WARN_BLOCK_CAPTURE_AUTORELEASING = YES;
				CLANG_WARN_BOOL_CONVERSION = YES;
				CLANG_WARN_COMMA = YES;
				CLANG_WARN_CONSTANT_CONVERSION = YES;
				CLANG_WARN_DEPRECATED_OBJC_IMPLEMENTATIONS = YES;
				CLANG_WARN_DIRECT_OBJC_ISA_USAGE = YES_ERROR;
				CLANG_WARN_DOCUMENTATION_COMMENTS = YES;
				CLANG_WARN_EMPTY_BODY = YES;
				CLANG_WARN_ENUM_CONVERSION = YES;
				CLANG_WARN_INFINITE_RECURSION = YES;
				CLANG_WARN_INT_CONVERSION = YES;
				CLANG_WARN_NON_LITERAL_NULL_CONVERSION = YES;
				CLANG_WARN_OBJC_IMPLICIT_RETAIN_SELF = YES;
				CLANG_WARN_OBJC_LITERAL_CONVERSION = YES;
				CLANG_WARN_OBJC_ROOT_CLASS = YES_ERROR;
				CLANG_WARN_RANGE_LOOP_ANALYSIS = YES;
				CLANG_WARN_STRICT_PROTOTYPES = YES;
				CLANG_WARN_SUSPICIOUS_MOVE = YES;
				CLANG_WARN_UNGUARDED_AVAILABILITY = YES_AGGRESSIVE;
				CLANG_WARN_UNREACHABLE_CODE = YES;
				CLANG_WARN__DUPLICATE_METHOD_MATCH = YES;
				CODE_SIGN_IDENTITY = "iPhone Developer";
				COPY_PHASE_STRIP = NO;
				DEBUG_INFORMATION_FORMAT = dwarf;
				ENABLE_STRICT_OBJC_MSGSEND = YES;
				ENABLE_TESTABILITY = YES;
				GCC_C_LANGUAGE_STANDARD = gnu11;
				GCC_DYNAMIC_NO_PIC = NO;
				GCC_NO_COMMON_BLOCKS = YES;
				GCC_OPTIMIZATION_LEVEL = 0;
				GCC_PREPROCESSOR_DEFINITIONS = (
					"DEBUG=1",
					"$(inherited)",
				);
				GCC_WARN_64_TO_32_BIT_CONVERSION = YES;
				GCC_WARN_ABOUT_RETURN_TYPE = YES_ERROR;
				GCC_WARN_UNDECLARED_SELECTOR = YES;
				GCC_WARN_UNINITIALIZED_AUTOS = YES_AGGRESSIVE;
				GCC_WARN_UNUSED_FUNCTION = YES;
				GCC_WARN_UNUSED_VARIABLE = YES;
				IPHONEOS_DEPLOYMENT_TARGET = 12.1;
				MTL_ENABLE_DEBUG_INFO = INCLUDE_SOURCE;
				MTL_FAST_MATH = YES;
				ONLY_ACTIVE_ARCH = YES;
				SDKROOT = iphoneos;
				SWIFT_ACTIVE_COMPILATION_CONDITIONS = DEBUG;
				SWIFT_OPTIMIZATION_LEVEL = "-Onone";
			};
			name = Debug;
		};
		CEA31846228CED3A00C4334F /* Release */ = {
			isa = XCBuildConfiguration;
			buildSettings = {
				ALWAYS_SEARCH_USER_PATHS = NO;
				CLANG_ANALYZER_NONNULL = YES;
				CLANG_ANALYZER_NUMBER_OBJECT_CONVERSION = YES_AGGRESSIVE;
				CLANG_CXX_LANGUAGE_STANDARD = "gnu++14";
				CLANG_CXX_LIBRARY = "libc++";
				CLANG_ENABLE_MODULES = YES;
				CLANG_ENABLE_OBJC_ARC = YES;
				CLANG_ENABLE_OBJC_WEAK = YES;
				CLANG_WARN_BLOCK_CAPTURE_AUTORELEASING = YES;
				CLANG_WARN_BOOL_CONVERSION = YES;
				CLANG_WARN_COMMA = YES;
				CLANG_WARN_CONSTANT_CONVERSION = YES;
				CLANG_WARN_DEPRECATED_OBJC_IMPLEMENTATIONS = YES;
				CLANG_WARN_DIRECT_OBJC_ISA_USAGE = YES_ERROR;
				CLANG_WARN_DOCUMENTATION_COMMENTS = YES;
				CLANG_WARN_EMPTY_BODY = YES;
				CLANG_WARN_ENUM_CONVERSION = YES;
				CLANG_WARN_INFINITE_RECURSION = YES;
				CLANG_WARN_INT_CONVERSION = YES;
				CLANG_WARN_NON_LITERAL_NULL_CONVERSION = YES;
				CLANG_WARN_OBJC_IMPLICIT_RETAIN_SELF = YES;
				CLANG_WARN_OBJC_LITERAL_CONVERSION = YES;
				CLANG_WARN_OBJC_ROOT_CLASS = YES_ERROR;
				CLANG_WARN_RANGE_LOOP_ANALYSIS = YES;
				CLANG_WARN_STRICT_PROTOTYPES = YES;
				CLANG_WARN_SUSPICIOUS_MOVE = YES;
				CLANG_WARN_UNGUARDED_AVAILABILITY = YES_AGGRESSIVE;
				CLANG_WARN_UNREACHABLE_CODE = YES;
				CLANG_WARN__DUPLICATE_METHOD_MATCH = YES;
				CODE_SIGN_IDENTITY = "iPhone Developer";
				COPY_PHASE_STRIP = NO;
				DEBUG_INFORMATION_FORMAT = "dwarf-with-dsym";
				ENABLE_NS_ASSERTIONS = NO;
				ENABLE_STRICT_OBJC_MSGSEND = YES;
				GCC_C_LANGUAGE_STANDARD = gnu11;
				GCC_NO_COMMON_BLOCKS = YES;
				GCC_WARN_64_TO_32_BIT_CONVERSION = YES;
				GCC_WARN_ABOUT_RETURN_TYPE = YES_ERROR;
				GCC_WARN_UNDECLARED_SELECTOR = YES;
				GCC_WARN_UNINITIALIZED_AUTOS = YES_AGGRESSIVE;
				GCC_WARN_UNUSED_FUNCTION = YES;
				GCC_WARN_UNUSED_VARIABLE = YES;
				IPHONEOS_DEPLOYMENT_TARGET = 12.1;
				MTL_ENABLE_DEBUG_INFO = NO;
				MTL_FAST_MATH = YES;
				SDKROOT = iphoneos;
				SWIFT_COMPILATION_MODE = wholemodule;
				SWIFT_OPTIMIZATION_LEVEL = "-O";
				VALIDATE_PRODUCT = YES;
			};
			name = Release;
		};
		CEA31848228CED3A00C4334F /* Debug */ = {
			isa = XCBuildConfiguration;
			buildSettings = {
				ASSETCATALOG_COMPILER_APPICON_NAME = AppIcon;
				CODE_SIGN_STYLE = Automatic;
				DEVELOPMENT_TEAM = S995LFDZCT;
				INFOPLIST_FILE = "$(SRCROOT)/First MVC application/Info.plist";
				LD_RUNPATH_SEARCH_PATHS = (
					"$(inherited)",
					"@executable_path/Frameworks",
				);
				PRODUCT_BUNDLE_IDENTIFIER = "com.igorshukyurov.First-MVC-application";
				PRODUCT_NAME = "$(TARGET_NAME)";
				SWIFT_VERSION = 4.2;
				TARGETED_DEVICE_FAMILY = "1,2";
			};
			name = Debug;
		};
		CEA31849228CED3A00C4334F /* Release */ = {
			isa = XCBuildConfiguration;
			buildSettings = {
				ASSETCATALOG_COMPILER_APPICON_NAME = AppIcon;
				CODE_SIGN_STYLE = Automatic;
				DEVELOPMENT_TEAM = S995LFDZCT;
				INFOPLIST_FILE = "$(SRCROOT)/First MVC application/Info.plist";
				LD_RUNPATH_SEARCH_PATHS = (
					"$(inherited)",
					"@executable_path/Frameworks",
				);
				PRODUCT_BUNDLE_IDENTIFIER = "com.igorshukyurov.First-MVC-application";
				PRODUCT_NAME = "$(TARGET_NAME)";
				SWIFT_VERSION = 4.2;
				TARGETED_DEVICE_FAMILY = "1,2";
			};
			name = Release;
		};
/* End XCBuildConfiguration section */

/* Begin XCConfigurationList section */
		CEA31830228CED3400C4334F /* Build configuration list for PBXProject "First MVC application" */ = {
			isa = XCConfigurationList;
			buildConfigurations = (
				CEA31845228CED3A00C4334F /* Debug */,
				CEA31846228CED3A00C4334F /* Release */,
			);
			defaultConfigurationIsVisible = 0;
			defaultConfigurationName = Release;
		};
		CEA31847228CED3A00C4334F /* Build configuration list for PBXNativeTarget "First MVC application" */ = {
			isa = XCConfigurationList;
			buildConfigurations = (
				CEA31848228CED3A00C4334F /* Debug */,
				CEA31849228CED3A00C4334F /* Release */,
			);
			defaultConfigurationIsVisible = 0;
			defaultConfigurationName = Release;
		};
/* End XCConfigurationList section */
	};
	rootObject = CEA3182D228CED3400C4334F /* Project object */;
}
